
Microsoft Visual Studio Solution File, Format Version 12.00
# Visual Studio 15
VisualStudioVersion = 15.0.27703.2047
MinimumVisualStudioVersion = 10.0.40219.1
Project("{FAE04EC0-301F-11D3-BF4B-00C04F79EFBC}") = "Login", "Login\Login.csproj", "{317558C8-B588-4C08-97CA-55E7C3396165}"
EndProject
Global
	GlobalSection(SolutionConfigurationPlatforms) = preSolution
		Debug|Any CPU = Debug|Any CPU
		Release|Any CPU = Release|Any CPU
	EndGlobalSection
	GlobalSection(ProjectConfigurationPlatforms) = postSolution
		{317558C8-B588-4C08-97CA-55E7C3396165}.Debug|Any CPU.ActiveCfg = Debug|Any CPU
		{317558C8-B588-4C08-97CA-55E7C3396165}.Debug|Any CPU.Build.0 = Debug|Any CPU
		{317558C8-B588-4C08-97CA-55E7C3396165}.Release|Any CPU.ActiveCfg = Release|Any CPU
		{317558C8-B588-4C08-97CA-55E7C3396165}.Release|Any CPU.Build.0 = Release|Any CPU
	EndGlobalSection
	GlobalSection(SolutionProperties) = preSolution
		HideSolutionNode = FALSE
	EndGlobalSection
	GlobalSection(ExtensibilityGlobals) = postSolution
		SolutionGuid = {220A700C-A30E-4B4E-8142-803E5292CB09}
	EndGlobalSection
EndGlobal
