
Microsoft Visual Studio Solution File, Format Version 12.00
# Visual Studio 15
VisualStudioVersion = 15.0.28010.2036
MinimumVisualStudioVersion = 10.0.40219.1
Project("{FAE04EC0-301F-11D3-BF4B-00C04F79EFBC}") = "Pyxia", "Pyxia\Pyxia.csproj", "{B97172AC-2D3D-4722-9128-1D75A5E4E050}"
EndProject
Global
	GlobalSection(SolutionConfigurationPlatforms) = preSolution
		Debug|Any CPU = Debug|Any CPU
		Release|Any CPU = Release|Any CPU
	EndGlobalSection
	GlobalSection(ProjectConfigurationPlatforms) = postSolution
		{B97172AC-2D3D-4722-9128-1D75A5E4E050}.Debug|Any CPU.ActiveCfg = Debug|Any CPU
		{B97172AC-2D3D-4722-9128-1D75A5E4E050}.Debug|Any CPU.Build.0 = Debug|Any CPU
		{B97172AC-2D3D-4722-9128-1D75A5E4E050}.Release|Any CPU.ActiveCfg = Release|Any CPU
		{B97172AC-2D3D-4722-9128-1D75A5E4E050}.Release|Any CPU.Build.0 = Release|Any CPU
	EndGlobalSection
	GlobalSection(SolutionProperties) = preSolution
		HideSolutionNode = FALSE
	EndGlobalSection
	GlobalSection(ExtensibilityGlobals) = postSolution
		SolutionGuid = {42AE7355-BABE-47E0-B5A6-215FF342B424}
	EndGlobalSection
EndGlobal
